
Microsoft Visual Studio Solution File, Format Version 12.00
# Visual Studio Version 16
VisualStudioVersion = 16.0.29609.76
MinimumVisualStudioVersion = 10.0.40219.1
Project("{F14B399A-7131-4C87-9E4B-1186C45EF12D}") = "VWI SSRS", "VWI SSRS\VWI SSRS.rptproj", "{8E3685F3-1853-4584-BFA3-98DE6A03FC21}"
EndProject
Global
	GlobalSection(SolutionConfigurationPlatforms) = preSolution
		Debug|Default = Debug|Default
		DebugLocal|Default = DebugLocal|Default
		Release|Default = Release|Default
	EndGlobalSection
	GlobalSection(ProjectConfigurationPlatforms) = postSolution
		{8E3685F3-1853-4584-BFA3-98DE6A03FC21}.Debug|Default.ActiveCfg = Debug
		{8E3685F3-1853-4584-BFA3-98DE6A03FC21}.Debug|Default.Build.0 = Debug
		{8E3685F3-1853-4584-BFA3-98DE6A03FC21}.Debug|Default.Deploy.0 = Debug
		{8E3685F3-1853-4584-BFA3-98DE6A03FC21}.DebugLocal|Default.ActiveCfg = DebugLocal
		{8E3685F3-1853-4584-BFA3-98DE6A03FC21}.DebugLocal|Default.Build.0 = DebugLocal
		{8E3685F3-1853-4584-BFA3-98DE6A03FC21}.Release|Default.ActiveCfg = Release
		{8E3685F3-1853-4584-BFA3-98DE6A03FC21}.Release|Default.Build.0 = Release
		{8E3685F3-1853-4584-BFA3-98DE6A03FC21}.Release|Default.Deploy.0 = Release
	EndGlobalSection
	GlobalSection(SolutionProperties) = preSolution
		HideSolutionNode = FALSE
	EndGlobalSection
	GlobalSection(ExtensibilityGlobals) = postSolution
		SolutionGuid = {7A6C6B74-AD6E-4DBE-8B82-152EDC60A734}
	EndGlobalSection
EndGlobal
